{
  "lockfileVersion": 1,
  "dependencies": {
    "@types/connect": {
      "version": "3.4.32",
      "resolved": "https://registry.npmjs.org/@types/connect/-/connect-3.4.32.tgz",
      "integrity": "sha512-4r8qa0quOvh7lGD0pre62CAb1oni1OO6ecJLGCezTmhQ8Fz50Arx9RUszryR8KlgK6avuSXvviL6yWyViQABOg=="
    },
    "@types/jquery": {
      "version": "2.0.49",
      "resolved": "https://registry.npmjs.org/@types/jquery/-/jquery-2.0.49.tgz",
      "integrity": "sha512-/9xLnYmohN/vD2gDnLS4cym8TUmrJu7DvZa/LELKzZjdPsvWVJiedsdu2SXNtb/DA7FGimqL2g0IoyhbNKLl8g=="
    },
    "@types/meteor": {
      "version": "1.4.15",
      "resolved": "https://registry.npmjs.org/@types/meteor/-/meteor-1.4.15.tgz",
      "integrity": "sha512-Rx0g+SbPxfVEH3MLmvLWiRxt+5TzfTUSLHu18crHMD7B0C+fyKrb/6xJo++3gN2QovE9UgNou2g+zuI38+QGNA=="
    },
    "@types/node": {
      "version": "10.1.2",
      "resolved": "https://registry.npmjs.org/@types/node/-/node-10.1.2.tgz",
      "integrity": "sha512-bjk1RIeZBCe/WukrFToIVegOf91Pebr8cXYBwLBIsfiGWVQ+ifwWsT59H3RxrWzWrzd1l/Amk1/ioY5Fq3/bpA=="
    },
    "@types/underscore": {
      "version": "1.8.8",
      "resolved": "https://registry.npmjs.org/@types/underscore/-/underscore-1.8.8.tgz",
      "integrity": "sha512-EquzRwzAAs04anQ8/6MYXFKvHoD+MIlF+gu87EDda7dN9zrKvQYHsc9VFAPB1xY4tUHQVvBMtjsHrvof2EE1Mg=="
    }
  }
}
